<Solution>
  <Folder Name="/src/">
    <Project Path="src/Forge.Api/Forge.Api.csproj" />
    <Project Path="src/Forge.Core/Forge.Core.csproj" />
    <Project Path="src/Forge.Infrastructure/Forge.Infrastructure.csproj" />
  </Folder>
  <Folder Name="/tests/">
    <Project Path="tests/Forge.Api.Tests/Forge.Api.Tests.csproj" />
    <Project Path="tests/Forge.Core.Tests/Forge.Core.Tests.csproj" />
  </Folder>
</Solution>
